
Microsoft Visual Studio Solution File, Format Version 12.00
# Visual Studio Version 17
VisualStudioVersion = 17.7.34221.43
MinimumVisualStudioVersion = 10.0.40219.1
Project("{FAE04EC0-301F-11D3-BF4B-00C04F79EFBC}") = "DKP.UI.Web", "DKP.UI.Web\DKP.UI.Web.csproj", "{EA225F6D-824C-499D-826D-9A9F15252FEF}"
EndProject
Project("{FAE04EC0-301F-11D3-BF4B-00C04F79EFBC}") = "DKP.Infra", "DKP.Infra\DKP.Infra.csproj", "{80971A9A-2D24-4D6E-A8ED-2081C8CE995D}"
EndProject
Project("{FAE04EC0-301F-11D3-BF4B-00C04F79EFBC}") = "DKP.Dominio", "DKP.Dominio\DKP.Dominio.csproj", "{C8D530C1-9750-4817-9BFD-FC976634E000}"
EndProject
Project("{FAE04EC0-301F-11D3-BF4B-00C04F79EFBC}") = "DKP.Aplicacao", "DKP.Aplicacao\DKP.Aplicacao.csproj", "{BD9776B0-21D9-44D1-9098-176AF516B987}"
EndProject
Project("{FAE04EC0-301F-11D3-BF4B-00C04F79EFBC}") = "DKP.IoC", "DKP.IoC\DKP.IoC.csproj", "{539751D2-9341-43FC-9FC3-457BFAFA771D}"
EndProject
Project("{FAE04EC0-301F-11D3-BF4B-00C04F79EFBC}") = "DKP.ViewModel", "DKP.ViewModel\DKP.ViewModel.csproj", "{6775F8F1-B0F5-4A64-8C64-EBE37BFC9CF1}"
EndProject
Global
	GlobalSection(SolutionConfigurationPlatforms) = preSolution
		Debug|Any CPU = Debug|Any CPU
		Release|Any CPU = Release|Any CPU
	EndGlobalSection
	GlobalSection(ProjectConfigurationPlatforms) = postSolution
		{EA225F6D-824C-499D-826D-9A9F15252FEF}.Debug|Any CPU.ActiveCfg = Debug|Any CPU
		{EA225F6D-824C-499D-826D-9A9F15252FEF}.Debug|Any CPU.Build.0 = Debug|Any CPU
		{EA225F6D-824C-499D-826D-9A9F15252FEF}.Release|Any CPU.ActiveCfg = Release|Any CPU
		{EA225F6D-824C-499D-826D-9A9F15252FEF}.Release|Any CPU.Build.0 = Release|Any CPU
		{80971A9A-2D24-4D6E-A8ED-2081C8CE995D}.Debug|Any CPU.ActiveCfg = Debug|Any CPU
		{80971A9A-2D24-4D6E-A8ED-2081C8CE995D}.Debug|Any CPU.Build.0 = Debug|Any CPU
		{80971A9A-2D24-4D6E-A8ED-2081C8CE995D}.Release|Any CPU.ActiveCfg = Release|Any CPU
		{80971A9A-2D24-4D6E-A8ED-2081C8CE995D}.Release|Any CPU.Build.0 = Release|Any CPU
		{C8D530C1-9750-4817-9BFD-FC976634E000}.Debug|Any CPU.ActiveCfg = Debug|Any CPU
		{C8D530C1-9750-4817-9BFD-FC976634E000}.Debug|Any CPU.Build.0 = Debug|Any CPU
		{C8D530C1-9750-4817-9BFD-FC976634E000}.Release|Any CPU.ActiveCfg = Release|Any CPU
		{C8D530C1-9750-4817-9BFD-FC976634E000}.Release|Any CPU.Build.0 = Release|Any CPU
		{BD9776B0-21D9-44D1-9098-176AF516B987}.Debug|Any CPU.ActiveCfg = Debug|Any CPU
		{BD9776B0-21D9-44D1-9098-176AF516B987}.Debug|Any CPU.Build.0 = Debug|Any CPU
		{BD9776B0-21D9-44D1-9098-176AF516B987}.Release|Any CPU.ActiveCfg = Release|Any CPU
		{BD9776B0-21D9-44D1-9098-176AF516B987}.Release|Any CPU.Build.0 = Release|Any CPU
		{539751D2-9341-43FC-9FC3-457BFAFA771D}.Debug|Any CPU.ActiveCfg = Debug|Any CPU
		{539751D2-9341-43FC-9FC3-457BFAFA771D}.Debug|Any CPU.Build.0 = Debug|Any CPU
		{539751D2-9341-43FC-9FC3-457BFAFA771D}.Release|Any CPU.ActiveCfg = Release|Any CPU
		{539751D2-9341-43FC-9FC3-457BFAFA771D}.Release|Any CPU.Build.0 = Release|Any CPU
		{6775F8F1-B0F5-4A64-8C64-EBE37BFC9CF1}.Debug|Any CPU.ActiveCfg = Debug|Any CPU
		{6775F8F1-B0F5-4A64-8C64-EBE37BFC9CF1}.Debug|Any CPU.Build.0 = Debug|Any CPU
		{6775F8F1-B0F5-4A64-8C64-EBE37BFC9CF1}.Release|Any CPU.ActiveCfg = Release|Any CPU
		{6775F8F1-B0F5-4A64-8C64-EBE37BFC9CF1}.Release|Any CPU.Build.0 = Release|Any CPU
	EndGlobalSection
	GlobalSection(SolutionProperties) = preSolution
		HideSolutionNode = FALSE
	EndGlobalSection
	GlobalSection(ExtensibilityGlobals) = postSolution
		SolutionGuid = {E9073FE4-A0D9-4EB2-803E-FAA86001A0DE}
	EndGlobalSection
EndGlobal
